
Microsoft Visual Studio Solution File, Format Version 12.00
# Visual Studio Express 2012 for Windows Desktop
Project("{FAE04EC0-301F-11D3-BF4B-00C04F79EFBC}") = "Vehicle_Assignment9", "Vehicle_Assignment9\Vehicle_Assignment9.csproj", "{E49F55D9-F435-433D-9271-3376DC57078E}"
EndProject
Global
	GlobalSection(SolutionConfigurationPlatforms) = preSolution
		Debug|Any CPU = Debug|Any CPU
		Release|Any CPU = Release|Any CPU
	EndGlobalSection
	GlobalSection(ProjectConfigurationPlatforms) = postSolution
		{E49F55D9-F435-433D-9271-3376DC57078E}.Debug|Any CPU.ActiveCfg = Debug|Any CPU
		{E49F55D9-F435-433D-9271-3376DC57078E}.Debug|Any CPU.Build.0 = Debug|Any CPU
		{E49F55D9-F435-433D-9271-3376DC57078E}.Release|Any CPU.ActiveCfg = Release|Any CPU
		{E49F55D9-F435-433D-9271-3376DC57078E}.Release|Any CPU.Build.0 = Release|Any CPU
	EndGlobalSection
	GlobalSection(SolutionProperties) = preSolution
		HideSolutionNode = FALSE
	EndGlobalSection
EndGlobal
