
Microsoft Visual Studio Solution File, Format Version 12.00
# Visual Studio Express 2012 for Windows Desktop
Project("{FAE04EC0-301F-11D3-BF4B-00C04F79EFBC}") = "TestIf", "TestIf\TestIf.csproj", "{D19A53F7-5747-4DB9-80AB-62B800E466EB}"
EndProject
Global
	GlobalSection(SolutionConfigurationPlatforms) = preSolution
		Debug|Any CPU = Debug|Any CPU
		Release|Any CPU = Release|Any CPU
	EndGlobalSection
	GlobalSection(ProjectConfigurationPlatforms) = postSolution
		{D19A53F7-5747-4DB9-80AB-62B800E466EB}.Debug|Any CPU.ActiveCfg = Debug|Any CPU
		{D19A53F7-5747-4DB9-80AB-62B800E466EB}.Debug|Any CPU.Build.0 = Debug|Any CPU
		{D19A53F7-5747-4DB9-80AB-62B800E466EB}.Release|Any CPU.ActiveCfg = Release|Any CPU
		{D19A53F7-5747-4DB9-80AB-62B800E466EB}.Release|Any CPU.Build.0 = Release|Any CPU
	EndGlobalSection
	GlobalSection(SolutionProperties) = preSolution
		HideSolutionNode = FALSE
	EndGlobalSection
EndGlobal
